
Microsoft Visual Studio Solution File, Format Version 12.00
# Visual Studio Version 17
VisualStudioVersion = 17.0.31611.283
MinimumVisualStudioVersion = 10.0.40219.1
Project("{9A19103F-16F7-4668-BE54-9A1E7A4F7556}") = "VolumioApp", "VolumioApp\VolumioApp.csproj", "{FF2753E6-88C0-431D-B631-7EEF287F9EEE}"
EndProject
Project("{9A19103F-16F7-4668-BE54-9A1E7A4F7556}") = "VolumioModelLibrary", "VolumioModelLibrary\VolumioModelLibrary.csproj", "{1F4C612C-BC4A-454E-834C-F2154D2F5F00}"
EndProject
Project("{9A19103F-16F7-4668-BE54-9A1E7A4F7556}") = "VolumioServiceLibrary", "VolumioServiceLibrary\VolumioServiceLibrary.csproj", "{BA99EB63-7287-42A7-B7C2-DF603E4CA92E}"
EndProject
Project("{FAE04EC0-301F-11D3-BF4B-00C04F79EFBC}") = "VolumioAppUnitTests", "VolumioAppUnitTests\VolumioAppUnitTests.csproj", "{CCE6CB28-482B-444F-BA54-AE96C331CC3B}"
EndProject
Global
	GlobalSection(SolutionConfigurationPlatforms) = preSolution
		Debug|Any CPU = Debug|Any CPU
		Release|Any CPU = Release|Any CPU
	EndGlobalSection
	GlobalSection(ProjectConfigurationPlatforms) = postSolution
		{FF2753E6-88C0-431D-B631-7EEF287F9EEE}.Debug|Any CPU.ActiveCfg = Debug|Any CPU
		{FF2753E6-88C0-431D-B631-7EEF287F9EEE}.Debug|Any CPU.Build.0 = Debug|Any CPU
		{FF2753E6-88C0-431D-B631-7EEF287F9EEE}.Debug|Any CPU.Deploy.0 = Debug|Any CPU
		{FF2753E6-88C0-431D-B631-7EEF287F9EEE}.Release|Any CPU.ActiveCfg = Release|Any CPU
		{FF2753E6-88C0-431D-B631-7EEF287F9EEE}.Release|Any CPU.Build.0 = Release|Any CPU
		{FF2753E6-88C0-431D-B631-7EEF287F9EEE}.Release|Any CPU.Deploy.0 = Release|Any CPU
		{1F4C612C-BC4A-454E-834C-F2154D2F5F00}.Debug|Any CPU.ActiveCfg = Debug|Any CPU
		{1F4C612C-BC4A-454E-834C-F2154D2F5F00}.Debug|Any CPU.Build.0 = Debug|Any CPU
		{1F4C612C-BC4A-454E-834C-F2154D2F5F00}.Release|Any CPU.ActiveCfg = Release|Any CPU
		{1F4C612C-BC4A-454E-834C-F2154D2F5F00}.Release|Any CPU.Build.0 = Release|Any CPU
		{BA99EB63-7287-42A7-B7C2-DF603E4CA92E}.Debug|Any CPU.ActiveCfg = Debug|Any CPU
		{BA99EB63-7287-42A7-B7C2-DF603E4CA92E}.Debug|Any CPU.Build.0 = Debug|Any CPU
		{BA99EB63-7287-42A7-B7C2-DF603E4CA92E}.Release|Any CPU.ActiveCfg = Release|Any CPU
		{BA99EB63-7287-42A7-B7C2-DF603E4CA92E}.Release|Any CPU.Build.0 = Release|Any CPU
		{CCE6CB28-482B-444F-BA54-AE96C331CC3B}.Debug|Any CPU.ActiveCfg = Debug|Any CPU
		{CCE6CB28-482B-444F-BA54-AE96C331CC3B}.Debug|Any CPU.Build.0 = Debug|Any CPU
		{CCE6CB28-482B-444F-BA54-AE96C331CC3B}.Release|Any CPU.ActiveCfg = Release|Any CPU
		{CCE6CB28-482B-444F-BA54-AE96C331CC3B}.Release|Any CPU.Build.0 = Release|Any CPU
	EndGlobalSection
	GlobalSection(SolutionProperties) = preSolution
		HideSolutionNode = FALSE
	EndGlobalSection
	GlobalSection(ExtensibilityGlobals) = postSolution
		SolutionGuid = {61F7FB11-1E47-470C-91E2-47F8143E1572}
	EndGlobalSection
EndGlobal
